<?xml version="1.0" encoding="utf-8"?>
<Project ToolsVersion="18.0" xmlns="http://schemas.microsoft.com/developer/msbuild/2003">
  <ItemGroup>
    <CustomBuild Include="C:\Users\SMARTECHLATAM GERALD\Desktop\git4\event-driven-vision-processing-engine\build-default\CMakeFiles\8887f0b7d56729ba9f8b1a62fa66dcd4\generate.stamp.rule">
      <Filter>CMake Rules</Filter>
    </CustomBuild>
  </ItemGroup>
  <ItemGroup>
    <Filter Include="CMake Rules">
      <UniqueIdentifier>{2EE6202E-3859-3342-AF5D-969B9DB94E0C}</UniqueIdentifier>
    </Filter>
  </ItemGroup>
</Project>
